
Microsoft Visual Studio Solution File, Format Version 10.00
# Visual Studio 2008
Project("{8BC9CEB8-8B4A-11D0-8D11-00A0C91BC942}") = "CanLibDemo_Lib", "CanLibDemo_Lib.vcproj", "{1C2B6DE7-694D-4FB5-ADEA-9FB6FA3B2E24}"
	ProjectSection(ProjectDependencies) = postProject
		{82E43212-3FFD-4E8D-B0A6-3D92CE376421} = {82E43212-3FFD-4E8D-B0A6-3D92CE376421}
		{CE5C73B0-2FFC-48BE-A6D1-77FDCED46F4D} = {CE5C73B0-2FFC-48BE-A6D1-77FDCED46F4D}
		{6D0BDAF9-3FA5-4A50-9B0B-3C1499F43EBE} = {6D0BDAF9-3FA5-4A50-9B0B-3C1499F43EBE}
	EndProjectSection
EndProject
Project("{8BC9CEB8-8B4A-11D0-8D11-00A0C91BC942}") = "CANLib_Lib", "..\..\libs\prj\CANLib\CANLib_Lib.vcproj", "{CE5C73B0-2FFC-48BE-A6D1-77FDCED46F4D}"
EndProject
Project("{8BC9CEB8-8B4A-11D0-8D11-00A0C91BC942}") = "CANLibISRDll", "..\..\libs\prj\CANLib\CANLibISRDll.vcproj", "{82E43212-3FFD-4E8D-B0A6-3D92CE376421}"
	ProjectSection(ProjectDependencies) = postProject
		{CE5C73B0-2FFC-48BE-A6D1-77FDCED46F4D} = {CE5C73B0-2FFC-48BE-A6D1-77FDCED46F4D}
		{6D0BDAF9-3FA5-4A50-9B0B-3C1499F43EBE} = {6D0BDAF9-3FA5-4A50-9B0B-3C1499F43EBE}
	EndProjectSection
EndProject
Project("{8BC9CEB8-8B4A-11D0-8D11-00A0C91BC942}") = "CANLib_Dll", "..\..\libs\prj\CANLib\CANLib_Dll.vcproj", "{6D0BDAF9-3FA5-4A50-9B0B-3C1499F43EBE}"
	ProjectSection(ProjectDependencies) = postProject
		{CE5C73B0-2FFC-48BE-A6D1-77FDCED46F4D} = {CE5C73B0-2FFC-48BE-A6D1-77FDCED46F4D}
	EndProjectSection
EndProject
Global
	GlobalSection(SolutionConfigurationPlatforms) = preSolution
		Debug|Colibri (ARMV4I) = Debug|Colibri (ARMV4I)
		Debug|Colibri600 (ARMV4I) = Debug|Colibri600 (ARMV4I)
		Debug|Toradex_CE500 (ARMV4I) = Debug|Toradex_CE500 (ARMV4I)
		Debug|Toradex_CE600 (ARMV4I) = Debug|Toradex_CE600 (ARMV4I)
		Release|Colibri (ARMV4I) = Release|Colibri (ARMV4I)
		Release|Colibri600 (ARMV4I) = Release|Colibri600 (ARMV4I)
		Release|Toradex_CE500 (ARMV4I) = Release|Toradex_CE500 (ARMV4I)
		Release|Toradex_CE600 (ARMV4I) = Release|Toradex_CE600 (ARMV4I)
	EndGlobalSection
	GlobalSection(ProjectConfigurationPlatforms) = postSolution
		{1C2B6DE7-694D-4FB5-ADEA-9FB6FA3B2E24}.Debug|Colibri (ARMV4I).ActiveCfg = Debug|Colibri (ARMV4I)
		{1C2B6DE7-694D-4FB5-ADEA-9FB6FA3B2E24}.Debug|Colibri (ARMV4I).Build.0 = Debug|Colibri (ARMV4I)
		{1C2B6DE7-694D-4FB5-ADEA-9FB6FA3B2E24}.Debug|Colibri (ARMV4I).Deploy.0 = Debug|Colibri (ARMV4I)
		{1C2B6DE7-694D-4FB5-ADEA-9FB6FA3B2E24}.Debug|Colibri600 (ARMV4I).ActiveCfg = Debug|Colibri600 (ARMV4I)
		{1C2B6DE7-694D-4FB5-ADEA-9FB6FA3B2E24}.Debug|Colibri600 (ARMV4I).Build.0 = Debug|Colibri600 (ARMV4I)
		{1C2B6DE7-694D-4FB5-ADEA-9FB6FA3B2E24}.Debug|Colibri600 (ARMV4I).Deploy.0 = Debug|Colibri600 (ARMV4I)
		{1C2B6DE7-694D-4FB5-ADEA-9FB6FA3B2E24}.Debug|Toradex_CE500 (ARMV4I).ActiveCfg = Debug|Colibri600 (ARMV4I)
		{1C2B6DE7-694D-4FB5-ADEA-9FB6FA3B2E24}.Debug|Toradex_CE500 (ARMV4I).Build.0 = Debug|Colibri600 (ARMV4I)
		{1C2B6DE7-694D-4FB5-ADEA-9FB6FA3B2E24}.Debug|Toradex_CE500 (ARMV4I).Deploy.0 = Debug|Colibri600 (ARMV4I)
		{1C2B6DE7-694D-4FB5-ADEA-9FB6FA3B2E24}.Debug|Toradex_CE600 (ARMV4I).ActiveCfg = Debug|Colibri (ARMV4I)
		{1C2B6DE7-694D-4FB5-ADEA-9FB6FA3B2E24}.Release|Colibri (ARMV4I).ActiveCfg = Release|Colibri (ARMV4I)
		{1C2B6DE7-694D-4FB5-ADEA-9FB6FA3B2E24}.Release|Colibri (ARMV4I).Build.0 = Release|Colibri (ARMV4I)
		{1C2B6DE7-694D-4FB5-ADEA-9FB6FA3B2E24}.Release|Colibri (ARMV4I).Deploy.0 = Release|Colibri (ARMV4I)
		{1C2B6DE7-694D-4FB5-ADEA-9FB6FA3B2E24}.Release|Colibri600 (ARMV4I).ActiveCfg = Release|Colibri600 (ARMV4I)
		{1C2B6DE7-694D-4FB5-ADEA-9FB6FA3B2E24}.Release|Colibri600 (ARMV4I).Build.0 = Release|Colibri600 (ARMV4I)
		{1C2B6DE7-694D-4FB5-ADEA-9FB6FA3B2E24}.Release|Colibri600 (ARMV4I).Deploy.0 = Release|Colibri600 (ARMV4I)
		{1C2B6DE7-694D-4FB5-ADEA-9FB6FA3B2E24}.Release|Toradex_CE500 (ARMV4I).ActiveCfg = Release|Colibri (ARMV4I)
		{1C2B6DE7-694D-4FB5-ADEA-9FB6FA3B2E24}.Release|Toradex_CE600 (ARMV4I).ActiveCfg = Release|Colibri (ARMV4I)
		{CE5C73B0-2FFC-48BE-A6D1-77FDCED46F4D}.Debug|Colibri (ARMV4I).ActiveCfg = Debug|Colibri (ARMV4I)
		{CE5C73B0-2FFC-48BE-A6D1-77FDCED46F4D}.Debug|Colibri (ARMV4I).Build.0 = Debug|Colibri (ARMV4I)
		{CE5C73B0-2FFC-48BE-A6D1-77FDCED46F4D}.Debug|Colibri600 (ARMV4I).ActiveCfg = Debug|Colibri600 (ARMV4I)
		{CE5C73B0-2FFC-48BE-A6D1-77FDCED46F4D}.Debug|Colibri600 (ARMV4I).Build.0 = Debug|Colibri600 (ARMV4I)
		{CE5C73B0-2FFC-48BE-A6D1-77FDCED46F4D}.Debug|Toradex_CE500 (ARMV4I).ActiveCfg = Debug|Colibri600 (ARMV4I)
		{CE5C73B0-2FFC-48BE-A6D1-77FDCED46F4D}.Debug|Toradex_CE500 (ARMV4I).Build.0 = Debug|Colibri600 (ARMV4I)
		{CE5C73B0-2FFC-48BE-A6D1-77FDCED46F4D}.Debug|Toradex_CE600 (ARMV4I).ActiveCfg = Debug|Colibri600 (ARMV4I)
		{CE5C73B0-2FFC-48BE-A6D1-77FDCED46F4D}.Release|Colibri (ARMV4I).ActiveCfg = Release|Colibri (ARMV4I)
		{CE5C73B0-2FFC-48BE-A6D1-77FDCED46F4D}.Release|Colibri (ARMV4I).Build.0 = Release|Colibri (ARMV4I)
		{CE5C73B0-2FFC-48BE-A6D1-77FDCED46F4D}.Release|Colibri (ARMV4I).Deploy.0 = Release|Colibri (ARMV4I)
		{CE5C73B0-2FFC-48BE-A6D1-77FDCED46F4D}.Release|Colibri600 (ARMV4I).ActiveCfg = Release|Colibri600 (ARMV4I)
		{CE5C73B0-2FFC-48BE-A6D1-77FDCED46F4D}.Release|Colibri600 (ARMV4I).Build.0 = Release|Colibri600 (ARMV4I)
		{CE5C73B0-2FFC-48BE-A6D1-77FDCED46F4D}.Release|Colibri600 (ARMV4I).Deploy.0 = Release|Colibri600 (ARMV4I)
		{CE5C73B0-2FFC-48BE-A6D1-77FDCED46F4D}.Release|Toradex_CE500 (ARMV4I).ActiveCfg = Release|Colibri600 (ARMV4I)
		{CE5C73B0-2FFC-48BE-A6D1-77FDCED46F4D}.Release|Toradex_CE600 (ARMV4I).ActiveCfg = Release|Colibri600 (ARMV4I)
		{82E43212-3FFD-4E8D-B0A6-3D92CE376421}.Debug|Colibri (ARMV4I).ActiveCfg = Debug|Colibri (ARMV4I)
		{82E43212-3FFD-4E8D-B0A6-3D92CE376421}.Debug|Colibri (ARMV4I).Build.0 = Debug|Colibri (ARMV4I)
		{82E43212-3FFD-4E8D-B0A6-3D92CE376421}.Debug|Colibri (ARMV4I).Deploy.0 = Debug|Colibri (ARMV4I)
		{82E43212-3FFD-4E8D-B0A6-3D92CE376421}.Debug|Colibri600 (ARMV4I).ActiveCfg = Debug|Colibri600 (ARMV4I)
		{82E43212-3FFD-4E8D-B0A6-3D92CE376421}.Debug|Colibri600 (ARMV4I).Build.0 = Debug|Colibri600 (ARMV4I)
		{82E43212-3FFD-4E8D-B0A6-3D92CE376421}.Debug|Colibri600 (ARMV4I).Deploy.0 = Debug|Colibri600 (ARMV4I)
		{82E43212-3FFD-4E8D-B0A6-3D92CE376421}.Debug|Toradex_CE500 (ARMV4I).ActiveCfg = Debug|Colibri600 (ARMV4I)
		{82E43212-3FFD-4E8D-B0A6-3D92CE376421}.Debug|Toradex_CE500 (ARMV4I).Build.0 = Debug|Colibri600 (ARMV4I)
		{82E43212-3FFD-4E8D-B0A6-3D92CE376421}.Debug|Toradex_CE500 (ARMV4I).Deploy.0 = Debug|Colibri600 (ARMV4I)
		{82E43212-3FFD-4E8D-B0A6-3D92CE376421}.Debug|Toradex_CE600 (ARMV4I).ActiveCfg = Debug|Colibri600 (ARMV4I)
		{82E43212-3FFD-4E8D-B0A6-3D92CE376421}.Release|Colibri (ARMV4I).ActiveCfg = Release|Colibri (ARMV4I)
		{82E43212-3FFD-4E8D-B0A6-3D92CE376421}.Release|Colibri (ARMV4I).Build.0 = Release|Colibri (ARMV4I)
		{82E43212-3FFD-4E8D-B0A6-3D92CE376421}.Release|Colibri (ARMV4I).Deploy.0 = Release|Colibri (ARMV4I)
		{82E43212-3FFD-4E8D-B0A6-3D92CE376421}.Release|Colibri600 (ARMV4I).ActiveCfg = Release|Colibri600 (ARMV4I)
		{82E43212-3FFD-4E8D-B0A6-3D92CE376421}.Release|Colibri600 (ARMV4I).Build.0 = Release|Colibri600 (ARMV4I)
		{82E43212-3FFD-4E8D-B0A6-3D92CE376421}.Release|Colibri600 (ARMV4I).Deploy.0 = Release|Colibri600 (ARMV4I)
		{82E43212-3FFD-4E8D-B0A6-3D92CE376421}.Release|Toradex_CE500 (ARMV4I).ActiveCfg = Release|Colibri600 (ARMV4I)
		{82E43212-3FFD-4E8D-B0A6-3D92CE376421}.Release|Toradex_CE600 (ARMV4I).ActiveCfg = Release|Colibri600 (ARMV4I)
		{6D0BDAF9-3FA5-4A50-9B0B-3C1499F43EBE}.Debug|Colibri (ARMV4I).ActiveCfg = Debug|Colibri (ARMV4I)
		{6D0BDAF9-3FA5-4A50-9B0B-3C1499F43EBE}.Debug|Colibri (ARMV4I).Build.0 = Debug|Colibri (ARMV4I)
		{6D0BDAF9-3FA5-4A50-9B0B-3C1499F43EBE}.Debug|Colibri600 (ARMV4I).ActiveCfg = Debug|Colibri600 (ARMV4I)
		{6D0BDAF9-3FA5-4A50-9B0B-3C1499F43EBE}.Debug|Colibri600 (ARMV4I).Build.0 = Debug|Colibri600 (ARMV4I)
		{6D0BDAF9-3FA5-4A50-9B0B-3C1499F43EBE}.Debug|Toradex_CE500 (ARMV4I).ActiveCfg = Debug|Colibri600 (ARMV4I)
		{6D0BDAF9-3FA5-4A50-9B0B-3C1499F43EBE}.Debug|Toradex_CE500 (ARMV4I).Build.0 = Debug|Colibri600 (ARMV4I)
		{6D0BDAF9-3FA5-4A50-9B0B-3C1499F43EBE}.Debug|Toradex_CE600 (ARMV4I).ActiveCfg = Debug|Colibri600 (ARMV4I)
		{6D0BDAF9-3FA5-4A50-9B0B-3C1499F43EBE}.Release|Colibri (ARMV4I).ActiveCfg = Release|Colibri (ARMV4I)
		{6D0BDAF9-3FA5-4A50-9B0B-3C1499F43EBE}.Release|Colibri (ARMV4I).Build.0 = Release|Colibri (ARMV4I)
		{6D0BDAF9-3FA5-4A50-9B0B-3C1499F43EBE}.Release|Colibri (ARMV4I).Deploy.0 = Release|Colibri (ARMV4I)
		{6D0BDAF9-3FA5-4A50-9B0B-3C1499F43EBE}.Release|Colibri600 (ARMV4I).ActiveCfg = Release|Colibri600 (ARMV4I)
		{6D0BDAF9-3FA5-4A50-9B0B-3C1499F43EBE}.Release|Colibri600 (ARMV4I).Build.0 = Release|Colibri600 (ARMV4I)
		{6D0BDAF9-3FA5-4A50-9B0B-3C1499F43EBE}.Release|Colibri600 (ARMV4I).Deploy.0 = Release|Colibri600 (ARMV4I)
		{6D0BDAF9-3FA5-4A50-9B0B-3C1499F43EBE}.Release|Toradex_CE500 (ARMV4I).ActiveCfg = Release|Colibri600 (ARMV4I)
		{6D0BDAF9-3FA5-4A50-9B0B-3C1499F43EBE}.Release|Toradex_CE600 (ARMV4I).ActiveCfg = Release|Colibri600 (ARMV4I)
	EndGlobalSection
	GlobalSection(SolutionProperties) = preSolution
		HideSolutionNode = FALSE
	EndGlobalSection
EndGlobal
