
Microsoft Visual Studio Solution File, Format Version 10.00
# Visual Studio 2008
Project("{8BC9CEB8-8B4A-11D0-8D11-00A0C91BC942}") = "DMALibDemo_Lib", "DMALibDemo_Lib.vcproj", "{0B9E9BED-DA9B-4798-81D9-E71C4632A60E}"
	ProjectSection(ProjectDependencies) = postProject
		{DD546831-453F-4BD7-B9C5-84AD7C2DDEDC} = {DD546831-453F-4BD7-B9C5-84AD7C2DDEDC}
	EndProjectSection
EndProject
Project("{8BC9CEB8-8B4A-11D0-8D11-00A0C91BC942}") = "DmaLib_Lib", "..\..\libs\prj\DmaLib\DmaLib_Lib.vcproj", "{DD546831-453F-4BD7-B9C5-84AD7C2DDEDC}"
EndProject
Project("{8BC9CEB8-8B4A-11D0-8D11-00A0C91BC942}") = "DmaLib_Dll", "..\..\libs\prj\DmaLib\DmaLib_Dll.vcproj", "{91E9A0FB-E5EB-46AF-B27C-089016E84AE8}"
	ProjectSection(ProjectDependencies) = postProject
		{DD546831-453F-4BD7-B9C5-84AD7C2DDEDC} = {DD546831-453F-4BD7-B9C5-84AD7C2DDEDC}
		{0B9E9BED-DA9B-4798-81D9-E71C4632A60E} = {0B9E9BED-DA9B-4798-81D9-E71C4632A60E}
	EndProjectSection
EndProject
Global
	GlobalSection(SolutionConfigurationPlatforms) = preSolution
		Debug|Colibri600 (ARMV4I) = Debug|Colibri600 (ARMV4I)
		Debug|Toradex_CE500 (ARMV4I) = Debug|Toradex_CE500 (ARMV4I)
		Debug|Toradex_CE600 (ARMV4I) = Debug|Toradex_CE600 (ARMV4I)
		Release|Colibri600 (ARMV4I) = Release|Colibri600 (ARMV4I)
		Release|Toradex_CE500 (ARMV4I) = Release|Toradex_CE500 (ARMV4I)
		Release|Toradex_CE600 (ARMV4I) = Release|Toradex_CE600 (ARMV4I)
	EndGlobalSection
	GlobalSection(ProjectConfigurationPlatforms) = postSolution
		{0B9E9BED-DA9B-4798-81D9-E71C4632A60E}.Debug|Colibri600 (ARMV4I).ActiveCfg = Debug|Colibri600 (ARMV4I)
		{0B9E9BED-DA9B-4798-81D9-E71C4632A60E}.Debug|Colibri600 (ARMV4I).Build.0 = Debug|Colibri600 (ARMV4I)
		{0B9E9BED-DA9B-4798-81D9-E71C4632A60E}.Debug|Colibri600 (ARMV4I).Deploy.0 = Debug|Colibri600 (ARMV4I)
		{0B9E9BED-DA9B-4798-81D9-E71C4632A60E}.Debug|Toradex_CE500 (ARMV4I).ActiveCfg = Debug|Toradex_CE500 (ARMV4I)
		{0B9E9BED-DA9B-4798-81D9-E71C4632A60E}.Debug|Toradex_CE500 (ARMV4I).Build.0 = Debug|Toradex_CE500 (ARMV4I)
		{0B9E9BED-DA9B-4798-81D9-E71C4632A60E}.Debug|Toradex_CE500 (ARMV4I).Deploy.0 = Debug|Toradex_CE500 (ARMV4I)
		{0B9E9BED-DA9B-4798-81D9-E71C4632A60E}.Debug|Toradex_CE600 (ARMV4I).ActiveCfg = Debug|Toradex_CE600 (ARMV4I)
		{0B9E9BED-DA9B-4798-81D9-E71C4632A60E}.Debug|Toradex_CE600 (ARMV4I).Build.0 = Debug|Toradex_CE600 (ARMV4I)
		{0B9E9BED-DA9B-4798-81D9-E71C4632A60E}.Debug|Toradex_CE600 (ARMV4I).Deploy.0 = Debug|Toradex_CE600 (ARMV4I)
		{0B9E9BED-DA9B-4798-81D9-E71C4632A60E}.Release|Colibri600 (ARMV4I).ActiveCfg = Release|Colibri600 (ARMV4I)
		{0B9E9BED-DA9B-4798-81D9-E71C4632A60E}.Release|Colibri600 (ARMV4I).Build.0 = Release|Colibri600 (ARMV4I)
		{0B9E9BED-DA9B-4798-81D9-E71C4632A60E}.Release|Colibri600 (ARMV4I).Deploy.0 = Release|Colibri600 (ARMV4I)
		{0B9E9BED-DA9B-4798-81D9-E71C4632A60E}.Release|Toradex_CE500 (ARMV4I).ActiveCfg = Release|Toradex_CE500 (ARMV4I)
		{0B9E9BED-DA9B-4798-81D9-E71C4632A60E}.Release|Toradex_CE500 (ARMV4I).Build.0 = Release|Toradex_CE500 (ARMV4I)
		{0B9E9BED-DA9B-4798-81D9-E71C4632A60E}.Release|Toradex_CE500 (ARMV4I).Deploy.0 = Release|Toradex_CE500 (ARMV4I)
		{0B9E9BED-DA9B-4798-81D9-E71C4632A60E}.Release|Toradex_CE600 (ARMV4I).ActiveCfg = Release|Toradex_CE600 (ARMV4I)
		{0B9E9BED-DA9B-4798-81D9-E71C4632A60E}.Release|Toradex_CE600 (ARMV4I).Build.0 = Release|Toradex_CE600 (ARMV4I)
		{0B9E9BED-DA9B-4798-81D9-E71C4632A60E}.Release|Toradex_CE600 (ARMV4I).Deploy.0 = Release|Toradex_CE600 (ARMV4I)
		{DD546831-453F-4BD7-B9C5-84AD7C2DDEDC}.Debug|Colibri600 (ARMV4I).ActiveCfg = Debug|Colibri600 (ARMV4I)
		{DD546831-453F-4BD7-B9C5-84AD7C2DDEDC}.Debug|Colibri600 (ARMV4I).Build.0 = Debug|Colibri600 (ARMV4I)
		{DD546831-453F-4BD7-B9C5-84AD7C2DDEDC}.Debug|Colibri600 (ARMV4I).Deploy.0 = Debug|Colibri600 (ARMV4I)
		{DD546831-453F-4BD7-B9C5-84AD7C2DDEDC}.Debug|Toradex_CE500 (ARMV4I).ActiveCfg = Debug|Colibri600 (ARMV4I)
		{DD546831-453F-4BD7-B9C5-84AD7C2DDEDC}.Debug|Toradex_CE600 (ARMV4I).ActiveCfg = Debug|Colibri600 (ARMV4I)
		{DD546831-453F-4BD7-B9C5-84AD7C2DDEDC}.Release|Colibri600 (ARMV4I).ActiveCfg = Release|Colibri600 (ARMV4I)
		{DD546831-453F-4BD7-B9C5-84AD7C2DDEDC}.Release|Colibri600 (ARMV4I).Build.0 = Release|Colibri600 (ARMV4I)
		{DD546831-453F-4BD7-B9C5-84AD7C2DDEDC}.Release|Colibri600 (ARMV4I).Deploy.0 = Release|Colibri600 (ARMV4I)
		{DD546831-453F-4BD7-B9C5-84AD7C2DDEDC}.Release|Toradex_CE500 (ARMV4I).ActiveCfg = Release|Colibri600 (ARMV4I)
		{DD546831-453F-4BD7-B9C5-84AD7C2DDEDC}.Release|Toradex_CE600 (ARMV4I).ActiveCfg = Release|Colibri600 (ARMV4I)
		{91E9A0FB-E5EB-46AF-B27C-089016E84AE8}.Debug|Colibri600 (ARMV4I).ActiveCfg = Debug|Colibri600 (ARMV4I)
		{91E9A0FB-E5EB-46AF-B27C-089016E84AE8}.Debug|Colibri600 (ARMV4I).Build.0 = Debug|Colibri600 (ARMV4I)
		{91E9A0FB-E5EB-46AF-B27C-089016E84AE8}.Debug|Colibri600 (ARMV4I).Deploy.0 = Debug|Colibri600 (ARMV4I)
		{91E9A0FB-E5EB-46AF-B27C-089016E84AE8}.Debug|Toradex_CE500 (ARMV4I).ActiveCfg = Debug|Colibri600 (ARMV4I)
		{91E9A0FB-E5EB-46AF-B27C-089016E84AE8}.Debug|Toradex_CE600 (ARMV4I).ActiveCfg = Debug|Colibri600 (ARMV4I)
		{91E9A0FB-E5EB-46AF-B27C-089016E84AE8}.Release|Colibri600 (ARMV4I).ActiveCfg = Release|Colibri600 (ARMV4I)
		{91E9A0FB-E5EB-46AF-B27C-089016E84AE8}.Release|Colibri600 (ARMV4I).Build.0 = Release|Colibri600 (ARMV4I)
		{91E9A0FB-E5EB-46AF-B27C-089016E84AE8}.Release|Colibri600 (ARMV4I).Deploy.0 = Release|Colibri600 (ARMV4I)
		{91E9A0FB-E5EB-46AF-B27C-089016E84AE8}.Release|Toradex_CE500 (ARMV4I).ActiveCfg = Release|Colibri600 (ARMV4I)
		{91E9A0FB-E5EB-46AF-B27C-089016E84AE8}.Release|Toradex_CE600 (ARMV4I).ActiveCfg = Release|Colibri600 (ARMV4I)
	EndGlobalSection
	GlobalSection(SolutionProperties) = preSolution
		HideSolutionNode = FALSE
	EndGlobalSection
EndGlobal
