
Microsoft Visual Studio Solution File, Format Version 10.00
# Visual Studio 2008
Project("{8BC9CEB8-8B4A-11D0-8D11-00A0C91BC942}") = "GpioLibDemo_Lib", "GpioLibDemo.vcproj", "{9ACE5746-08F7-4528-A7CA-26E5741493B5}"
	ProjectSection(ProjectDependencies) = postProject
		{21F37379-40A7-404E-9791-F2EF95E09ED8} = {21F37379-40A7-404E-9791-F2EF95E09ED8}
	EndProjectSection
EndProject
Project("{8BC9CEB8-8B4A-11D0-8D11-00A0C91BC942}") = "GpioLib_Dll", "..\..\libs\prj\GpioLib\GpioLib_Dll.vcproj", "{E60F0E5D-0E8E-428E-99C2-B6BB574CC177}"
	ProjectSection(ProjectDependencies) = postProject
		{9ACE5746-08F7-4528-A7CA-26E5741493B5} = {9ACE5746-08F7-4528-A7CA-26E5741493B5}
		{21F37379-40A7-404E-9791-F2EF95E09ED8} = {21F37379-40A7-404E-9791-F2EF95E09ED8}
	EndProjectSection
EndProject
Project("{8BC9CEB8-8B4A-11D0-8D11-00A0C91BC942}") = "GpioLib_Lib", "..\..\libs\prj\GpioLib\GpioLib_Lib.vcproj", "{21F37379-40A7-404E-9791-F2EF95E09ED8}"
EndProject
Global
	GlobalSection(SolutionConfigurationPlatforms) = preSolution
		Debug|Colibri600 (ARMV4I) = Debug|Colibri600 (ARMV4I)
		Debug|Toradex_CE500 (ARMV4I) = Debug|Toradex_CE500 (ARMV4I)
		Debug|Toradex_CE600 (ARMV4I) = Debug|Toradex_CE600 (ARMV4I)
		Release|Colibri600 (ARMV4I) = Release|Colibri600 (ARMV4I)
		Release|Toradex_CE500 (ARMV4I) = Release|Toradex_CE500 (ARMV4I)
		Release|Toradex_CE600 (ARMV4I) = Release|Toradex_CE600 (ARMV4I)
	EndGlobalSection
	GlobalSection(ProjectConfigurationPlatforms) = postSolution
		{9ACE5746-08F7-4528-A7CA-26E5741493B5}.Debug|Colibri600 (ARMV4I).ActiveCfg = Debug|Colibri600 (ARMV4I)
		{9ACE5746-08F7-4528-A7CA-26E5741493B5}.Debug|Colibri600 (ARMV4I).Build.0 = Debug|Colibri600 (ARMV4I)
		{9ACE5746-08F7-4528-A7CA-26E5741493B5}.Debug|Colibri600 (ARMV4I).Deploy.0 = Debug|Colibri600 (ARMV4I)
		{9ACE5746-08F7-4528-A7CA-26E5741493B5}.Debug|Toradex_CE500 (ARMV4I).ActiveCfg = Debug|Toradex_CE500 (ARMV4I)
		{9ACE5746-08F7-4528-A7CA-26E5741493B5}.Debug|Toradex_CE500 (ARMV4I).Build.0 = Debug|Toradex_CE500 (ARMV4I)
		{9ACE5746-08F7-4528-A7CA-26E5741493B5}.Debug|Toradex_CE500 (ARMV4I).Deploy.0 = Debug|Toradex_CE500 (ARMV4I)
		{9ACE5746-08F7-4528-A7CA-26E5741493B5}.Debug|Toradex_CE600 (ARMV4I).ActiveCfg = Debug|Toradex_CE600 (ARMV4I)
		{9ACE5746-08F7-4528-A7CA-26E5741493B5}.Debug|Toradex_CE600 (ARMV4I).Build.0 = Debug|Toradex_CE600 (ARMV4I)
		{9ACE5746-08F7-4528-A7CA-26E5741493B5}.Debug|Toradex_CE600 (ARMV4I).Deploy.0 = Debug|Toradex_CE600 (ARMV4I)
		{9ACE5746-08F7-4528-A7CA-26E5741493B5}.Release|Colibri600 (ARMV4I).ActiveCfg = Release|Colibri600 (ARMV4I)
		{9ACE5746-08F7-4528-A7CA-26E5741493B5}.Release|Colibri600 (ARMV4I).Build.0 = Release|Colibri600 (ARMV4I)
		{9ACE5746-08F7-4528-A7CA-26E5741493B5}.Release|Colibri600 (ARMV4I).Deploy.0 = Release|Colibri600 (ARMV4I)
		{9ACE5746-08F7-4528-A7CA-26E5741493B5}.Release|Toradex_CE500 (ARMV4I).ActiveCfg = Release|Toradex_CE500 (ARMV4I)
		{9ACE5746-08F7-4528-A7CA-26E5741493B5}.Release|Toradex_CE500 (ARMV4I).Build.0 = Release|Toradex_CE500 (ARMV4I)
		{9ACE5746-08F7-4528-A7CA-26E5741493B5}.Release|Toradex_CE500 (ARMV4I).Deploy.0 = Release|Toradex_CE500 (ARMV4I)
		{9ACE5746-08F7-4528-A7CA-26E5741493B5}.Release|Toradex_CE600 (ARMV4I).ActiveCfg = Release|Toradex_CE600 (ARMV4I)
		{9ACE5746-08F7-4528-A7CA-26E5741493B5}.Release|Toradex_CE600 (ARMV4I).Build.0 = Release|Toradex_CE600 (ARMV4I)
		{9ACE5746-08F7-4528-A7CA-26E5741493B5}.Release|Toradex_CE600 (ARMV4I).Deploy.0 = Release|Toradex_CE600 (ARMV4I)
		{E60F0E5D-0E8E-428E-99C2-B6BB574CC177}.Debug|Colibri600 (ARMV4I).ActiveCfg = Debug|Colibri600 (ARMV4I)
		{E60F0E5D-0E8E-428E-99C2-B6BB574CC177}.Debug|Colibri600 (ARMV4I).Build.0 = Debug|Colibri600 (ARMV4I)
		{E60F0E5D-0E8E-428E-99C2-B6BB574CC177}.Debug|Colibri600 (ARMV4I).Deploy.0 = Debug|Colibri600 (ARMV4I)
		{E60F0E5D-0E8E-428E-99C2-B6BB574CC177}.Debug|Toradex_CE500 (ARMV4I).ActiveCfg = Debug|Colibri600 (ARMV4I)
		{E60F0E5D-0E8E-428E-99C2-B6BB574CC177}.Debug|Toradex_CE600 (ARMV4I).ActiveCfg = Debug|Colibri600 (ARMV4I)
		{E60F0E5D-0E8E-428E-99C2-B6BB574CC177}.Release|Colibri600 (ARMV4I).ActiveCfg = Release|Colibri600 (ARMV4I)
		{E60F0E5D-0E8E-428E-99C2-B6BB574CC177}.Release|Colibri600 (ARMV4I).Build.0 = Release|Colibri600 (ARMV4I)
		{E60F0E5D-0E8E-428E-99C2-B6BB574CC177}.Release|Colibri600 (ARMV4I).Deploy.0 = Release|Colibri600 (ARMV4I)
		{E60F0E5D-0E8E-428E-99C2-B6BB574CC177}.Release|Toradex_CE500 (ARMV4I).ActiveCfg = Release|Colibri600 (ARMV4I)
		{E60F0E5D-0E8E-428E-99C2-B6BB574CC177}.Release|Toradex_CE600 (ARMV4I).ActiveCfg = Release|Colibri600 (ARMV4I)
		{21F37379-40A7-404E-9791-F2EF95E09ED8}.Debug|Colibri600 (ARMV4I).ActiveCfg = Debug|Colibri600 (ARMV4I)
		{21F37379-40A7-404E-9791-F2EF95E09ED8}.Debug|Colibri600 (ARMV4I).Build.0 = Debug|Colibri600 (ARMV4I)
		{21F37379-40A7-404E-9791-F2EF95E09ED8}.Debug|Colibri600 (ARMV4I).Deploy.0 = Debug|Colibri600 (ARMV4I)
		{21F37379-40A7-404E-9791-F2EF95E09ED8}.Debug|Toradex_CE500 (ARMV4I).ActiveCfg = Debug|Colibri600 (ARMV4I)
		{21F37379-40A7-404E-9791-F2EF95E09ED8}.Debug|Toradex_CE600 (ARMV4I).ActiveCfg = Debug|Colibri600 (ARMV4I)
		{21F37379-40A7-404E-9791-F2EF95E09ED8}.Release|Colibri600 (ARMV4I).ActiveCfg = Release|Colibri600 (ARMV4I)
		{21F37379-40A7-404E-9791-F2EF95E09ED8}.Release|Colibri600 (ARMV4I).Build.0 = Release|Colibri600 (ARMV4I)
		{21F37379-40A7-404E-9791-F2EF95E09ED8}.Release|Colibri600 (ARMV4I).Deploy.0 = Release|Colibri600 (ARMV4I)
		{21F37379-40A7-404E-9791-F2EF95E09ED8}.Release|Toradex_CE500 (ARMV4I).ActiveCfg = Release|Colibri600 (ARMV4I)
		{21F37379-40A7-404E-9791-F2EF95E09ED8}.Release|Toradex_CE600 (ARMV4I).ActiveCfg = Release|Colibri600 (ARMV4I)
	EndGlobalSection
	GlobalSection(SolutionProperties) = preSolution
		HideSolutionNode = FALSE
	EndGlobalSection
EndGlobal
