
Microsoft Visual Studio Solution File, Format Version 10.00
# Visual Studio 2008
Project("{8BC9CEB8-8B4A-11D0-8D11-00A0C91BC942}") = "spi_dma_lib_demo", "SPIDMALibDemo_Lib.vcproj", "{308A283F-EE5F-459A-9695-A5025C947D88}"
EndProject
Global
	GlobalSection(SolutionConfigurationPlatforms) = preSolution
		Debug|Colibri600 (ARMV4I) = Debug|Colibri600 (ARMV4I)
		Debug|SDK2wince7 (ARMv4I) = Debug|SDK2wince7 (ARMv4I)
		Debug|Toradex_CE600 (ARMV4I) = Debug|Toradex_CE600 (ARMV4I)
		Debug|Toradex_CE700 (ARMv4I) = Debug|Toradex_CE700 (ARMv4I)
		Release|Colibri600 (ARMV4I) = Release|Colibri600 (ARMV4I)
		Release|SDK2wince7 (ARMv4I) = Release|SDK2wince7 (ARMv4I)
		Release|Toradex_CE600 (ARMV4I) = Release|Toradex_CE600 (ARMV4I)
		Release|Toradex_CE700 (ARMv4I) = Release|Toradex_CE700 (ARMv4I)
	EndGlobalSection
	GlobalSection(ProjectConfigurationPlatforms) = postSolution
		{308A283F-EE5F-459A-9695-A5025C947D88}.Debug|Colibri600 (ARMV4I).ActiveCfg = Debug|Colibri600 (ARMV4I)
		{308A283F-EE5F-459A-9695-A5025C947D88}.Debug|Colibri600 (ARMV4I).Build.0 = Debug|Colibri600 (ARMV4I)
		{308A283F-EE5F-459A-9695-A5025C947D88}.Debug|Colibri600 (ARMV4I).Deploy.0 = Debug|Colibri600 (ARMV4I)
		{308A283F-EE5F-459A-9695-A5025C947D88}.Debug|SDK2wince7 (ARMv4I).ActiveCfg = Debug|Toradex_CE700 (ARMv4I)
		{308A283F-EE5F-459A-9695-A5025C947D88}.Debug|Toradex_CE600 (ARMV4I).ActiveCfg = Debug|Toradex_CE700 (ARMv4I)
		{308A283F-EE5F-459A-9695-A5025C947D88}.Debug|Toradex_CE700 (ARMv4I).ActiveCfg = Debug|Toradex_CE700 (ARMv4I)
		{308A283F-EE5F-459A-9695-A5025C947D88}.Debug|Toradex_CE700 (ARMv4I).Build.0 = Debug|Toradex_CE700 (ARMv4I)
		{308A283F-EE5F-459A-9695-A5025C947D88}.Debug|Toradex_CE700 (ARMv4I).Deploy.0 = Debug|Toradex_CE700 (ARMv4I)
		{308A283F-EE5F-459A-9695-A5025C947D88}.Release|Colibri600 (ARMV4I).ActiveCfg = Release|Colibri600 (ARMV4I)
		{308A283F-EE5F-459A-9695-A5025C947D88}.Release|Colibri600 (ARMV4I).Build.0 = Release|Colibri600 (ARMV4I)
		{308A283F-EE5F-459A-9695-A5025C947D88}.Release|Colibri600 (ARMV4I).Deploy.0 = Release|Colibri600 (ARMV4I)
		{308A283F-EE5F-459A-9695-A5025C947D88}.Release|SDK2wince7 (ARMv4I).ActiveCfg = Release|Toradex_CE700 (ARMv4I)
		{308A283F-EE5F-459A-9695-A5025C947D88}.Release|Toradex_CE600 (ARMV4I).ActiveCfg = Release|Toradex_CE700 (ARMv4I)
		{308A283F-EE5F-459A-9695-A5025C947D88}.Release|Toradex_CE700 (ARMv4I).ActiveCfg = Release|Toradex_CE700 (ARMv4I)
		{308A283F-EE5F-459A-9695-A5025C947D88}.Release|Toradex_CE700 (ARMv4I).Build.0 = Release|Toradex_CE700 (ARMv4I)
		{308A283F-EE5F-459A-9695-A5025C947D88}.Release|Toradex_CE700 (ARMv4I).Deploy.0 = Release|Toradex_CE700 (ARMv4I)
	EndGlobalSection
	GlobalSection(SolutionProperties) = preSolution
		HideSolutionNode = FALSE
	EndGlobalSection
EndGlobal
