
Microsoft Visual Studio Solution File, Format Version 10.00
# Visual Studio 2008
Project("{8BC9CEB8-8B4A-11D0-8D11-00A0C91BC942}") = "I2cLibDemo", "I2cLibDemo.vcproj", "{E1A6F8DD-385C-4B55-B8CD-2E18DFB15BDC}"
	ProjectSection(ProjectDependencies) = postProject
		{2EAC53B6-AC19-4B89-9C76-73B3CA76C21E} = {2EAC53B6-AC19-4B89-9C76-73B3CA76C21E}
	EndProjectSection
EndProject
Project("{8BC9CEB8-8B4A-11D0-8D11-00A0C91BC942}") = "I2cLib", "..\..\libs\prj\I2cLib\I2cLib.vcproj", "{2EAC53B6-AC19-4B89-9C76-73B3CA76C21E}"
EndProject
Global
	GlobalSection(SolutionConfigurationPlatforms) = preSolution
		Debug|Colibri600 (ARMV4I) = Debug|Colibri600 (ARMV4I)
		Debug|Toradex_CE500 (ARMV4I) = Debug|Toradex_CE500 (ARMV4I)
		Debug|Toradex_CE600 (ARMV4I) = Debug|Toradex_CE600 (ARMV4I)
		Release|Colibri600 (ARMV4I) = Release|Colibri600 (ARMV4I)
		Release|Toradex_CE500 (ARMV4I) = Release|Toradex_CE500 (ARMV4I)
		Release|Toradex_CE600 (ARMV4I) = Release|Toradex_CE600 (ARMV4I)
	EndGlobalSection
	GlobalSection(ProjectConfigurationPlatforms) = postSolution
		{E1A6F8DD-385C-4B55-B8CD-2E18DFB15BDC}.Debug|Colibri600 (ARMV4I).ActiveCfg = Debug|Colibri600 (ARMV4I)
		{E1A6F8DD-385C-4B55-B8CD-2E18DFB15BDC}.Debug|Colibri600 (ARMV4I).Build.0 = Debug|Colibri600 (ARMV4I)
		{E1A6F8DD-385C-4B55-B8CD-2E18DFB15BDC}.Debug|Colibri600 (ARMV4I).Deploy.0 = Debug|Colibri600 (ARMV4I)
		{E1A6F8DD-385C-4B55-B8CD-2E18DFB15BDC}.Debug|Toradex_CE500 (ARMV4I).ActiveCfg = Debug|Toradex_CE500 (ARMV4I)
		{E1A6F8DD-385C-4B55-B8CD-2E18DFB15BDC}.Debug|Toradex_CE500 (ARMV4I).Build.0 = Debug|Toradex_CE500 (ARMV4I)
		{E1A6F8DD-385C-4B55-B8CD-2E18DFB15BDC}.Debug|Toradex_CE500 (ARMV4I).Deploy.0 = Debug|Toradex_CE500 (ARMV4I)
		{E1A6F8DD-385C-4B55-B8CD-2E18DFB15BDC}.Debug|Toradex_CE600 (ARMV4I).ActiveCfg = Debug|Toradex_CE600 (ARMV4I)
		{E1A6F8DD-385C-4B55-B8CD-2E18DFB15BDC}.Debug|Toradex_CE600 (ARMV4I).Build.0 = Debug|Toradex_CE600 (ARMV4I)
		{E1A6F8DD-385C-4B55-B8CD-2E18DFB15BDC}.Debug|Toradex_CE600 (ARMV4I).Deploy.0 = Debug|Toradex_CE600 (ARMV4I)
		{E1A6F8DD-385C-4B55-B8CD-2E18DFB15BDC}.Release|Colibri600 (ARMV4I).ActiveCfg = Release|Colibri600 (ARMV4I)
		{E1A6F8DD-385C-4B55-B8CD-2E18DFB15BDC}.Release|Colibri600 (ARMV4I).Build.0 = Release|Colibri600 (ARMV4I)
		{E1A6F8DD-385C-4B55-B8CD-2E18DFB15BDC}.Release|Colibri600 (ARMV4I).Deploy.0 = Release|Colibri600 (ARMV4I)
		{E1A6F8DD-385C-4B55-B8CD-2E18DFB15BDC}.Release|Toradex_CE500 (ARMV4I).ActiveCfg = Release|Toradex_CE500 (ARMV4I)
		{E1A6F8DD-385C-4B55-B8CD-2E18DFB15BDC}.Release|Toradex_CE500 (ARMV4I).Build.0 = Release|Toradex_CE500 (ARMV4I)
		{E1A6F8DD-385C-4B55-B8CD-2E18DFB15BDC}.Release|Toradex_CE500 (ARMV4I).Deploy.0 = Release|Toradex_CE500 (ARMV4I)
		{E1A6F8DD-385C-4B55-B8CD-2E18DFB15BDC}.Release|Toradex_CE600 (ARMV4I).ActiveCfg = Release|Toradex_CE600 (ARMV4I)
		{E1A6F8DD-385C-4B55-B8CD-2E18DFB15BDC}.Release|Toradex_CE600 (ARMV4I).Build.0 = Release|Toradex_CE600 (ARMV4I)
		{E1A6F8DD-385C-4B55-B8CD-2E18DFB15BDC}.Release|Toradex_CE600 (ARMV4I).Deploy.0 = Release|Toradex_CE600 (ARMV4I)
		{2EAC53B6-AC19-4B89-9C76-73B3CA76C21E}.Debug|Colibri600 (ARMV4I).ActiveCfg = Debug|Colibri600 (ARMV4I)
		{2EAC53B6-AC19-4B89-9C76-73B3CA76C21E}.Debug|Colibri600 (ARMV4I).Build.0 = Debug|Colibri600 (ARMV4I)
		{2EAC53B6-AC19-4B89-9C76-73B3CA76C21E}.Debug|Colibri600 (ARMV4I).Deploy.0 = Debug|Colibri600 (ARMV4I)
		{2EAC53B6-AC19-4B89-9C76-73B3CA76C21E}.Debug|Toradex_CE500 (ARMV4I).ActiveCfg = Debug|Colibri600 (ARMV4I)
		{2EAC53B6-AC19-4B89-9C76-73B3CA76C21E}.Debug|Toradex_CE600 (ARMV4I).ActiveCfg = Debug|Colibri600 (ARMV4I)
		{2EAC53B6-AC19-4B89-9C76-73B3CA76C21E}.Release|Colibri600 (ARMV4I).ActiveCfg = Release|Colibri600 (ARMV4I)
		{2EAC53B6-AC19-4B89-9C76-73B3CA76C21E}.Release|Colibri600 (ARMV4I).Build.0 = Release|Colibri600 (ARMV4I)
		{2EAC53B6-AC19-4B89-9C76-73B3CA76C21E}.Release|Colibri600 (ARMV4I).Deploy.0 = Release|Colibri600 (ARMV4I)
		{2EAC53B6-AC19-4B89-9C76-73B3CA76C21E}.Release|Toradex_CE500 (ARMV4I).ActiveCfg = Release|Colibri600 (ARMV4I)
		{2EAC53B6-AC19-4B89-9C76-73B3CA76C21E}.Release|Toradex_CE600 (ARMV4I).ActiveCfg = Release|Colibri600 (ARMV4I)
	EndGlobalSection
	GlobalSection(SolutionProperties) = preSolution
		HideSolutionNode = FALSE
	EndGlobalSection
EndGlobal
